
Microsoft Visual Studio Solution File, Format Version 12.00
# Visual Studio Version 17
VisualStudioVersion = 17.13.35931.197
MinimumVisualStudioVersion = 10.0.40219.1
Project("{FAE04EC0-301F-11D3-BF4B-00C04F79EFBC}") = "CustomerServiceApi", "CustomerServiceApi\CustomerServiceApi.csproj", "{5832C20F-DB3F-D88D-53FB-448C6EFB2D39}"
EndProject
Project("{FAE04EC0-301F-11D3-BF4B-00C04F79EFBC}") = "ReservationServiceApi", "ReservationServiceApi\ReservationServiceApi.csproj", "{DAF9C558-ADBD-293E-E866-79D9423A5EFC}"
EndProject
Project("{FAE04EC0-301F-11D3-BF4B-00C04F79EFBC}") = "DiscountServiceApi", "DiscountServiceApi\DiscountServiceApi.csproj", "{7B9B4335-9BD8-5D2A-97F9-17AF99A9D839}"
EndProject
Project("{FAE04EC0-301F-11D3-BF4B-00C04F79EFBC}") = "Reservo.Tests", "Reservo.Tests\Reservo.Tests.csproj", "{F6FAE8A0-205E-4A47-82F6-9F3C9EC3146B}"
EndProject
Global
	GlobalSection(SolutionConfigurationPlatforms) = preSolution
		Debug|Any CPU = Debug|Any CPU
		Release|Any CPU = Release|Any CPU
	EndGlobalSection
	GlobalSection(ProjectConfigurationPlatforms) = postSolution
		{5832C20F-DB3F-D88D-53FB-448C6EFB2D39}.Debug|Any CPU.ActiveCfg = Debug|Any CPU
		{5832C20F-DB3F-D88D-53FB-448C6EFB2D39}.Debug|Any CPU.Build.0 = Debug|Any CPU
		{5832C20F-DB3F-D88D-53FB-448C6EFB2D39}.Release|Any CPU.ActiveCfg = Release|Any CPU
		{5832C20F-DB3F-D88D-53FB-448C6EFB2D39}.Release|Any CPU.Build.0 = Release|Any CPU
		{DAF9C558-ADBD-293E-E866-79D9423A5EFC}.Debug|Any CPU.ActiveCfg = Debug|Any CPU
		{DAF9C558-ADBD-293E-E866-79D9423A5EFC}.Debug|Any CPU.Build.0 = Debug|Any CPU
		{DAF9C558-ADBD-293E-E866-79D9423A5EFC}.Release|Any CPU.ActiveCfg = Release|Any CPU
		{DAF9C558-ADBD-293E-E866-79D9423A5EFC}.Release|Any CPU.Build.0 = Release|Any CPU
		{7B9B4335-9BD8-5D2A-97F9-17AF99A9D839}.Debug|Any CPU.ActiveCfg = Debug|Any CPU
		{7B9B4335-9BD8-5D2A-97F9-17AF99A9D839}.Debug|Any CPU.Build.0 = Debug|Any CPU
		{7B9B4335-9BD8-5D2A-97F9-17AF99A9D839}.Release|Any CPU.ActiveCfg = Release|Any CPU
		{7B9B4335-9BD8-5D2A-97F9-17AF99A9D839}.Release|Any CPU.Build.0 = Release|Any CPU
		{F6FAE8A0-205E-4A47-82F6-9F3C9EC3146B}.Debug|Any CPU.ActiveCfg = Debug|Any CPU
		{F6FAE8A0-205E-4A47-82F6-9F3C9EC3146B}.Debug|Any CPU.Build.0 = Debug|Any CPU
		{F6FAE8A0-205E-4A47-82F6-9F3C9EC3146B}.Release|Any CPU.ActiveCfg = Release|Any CPU
		{F6FAE8A0-205E-4A47-82F6-9F3C9EC3146B}.Release|Any CPU.Build.0 = Release|Any CPU
	EndGlobalSection
	GlobalSection(SolutionProperties) = preSolution
		HideSolutionNode = FALSE
	EndGlobalSection
	GlobalSection(ExtensibilityGlobals) = postSolution
		SolutionGuid = {00FD026E-8B4C-4E6D-A632-19521F24FFA2}
	EndGlobalSection
EndGlobal
